github.com/dgryski/go-farm v0.0.0-20200217173423-6a697e071469 h1:ijwVmAgZX6xGXQrMWat4+OEwhH8TjmwVyZH4WO3Gyk0=
github.com/dgryski/go-farm v0.0.0-20200217173423-6a697e071469/go.mod h1:ijwVmAgZX6xGXQrMWat4+OEwhH8TjmwVyZH4WO3Gyk0=
github.com/golang/protobuf v1.5.2 h1:ROPKBNFfQgoguヽ
github.com/golang/protobuf v1.5.2/go.mod h1:XVQd3VNwM+Jq7ycvTsPyzh6jIYXpvhvFVbQ3qYWIQxQ=
github.com/libp2p/go-libp2p v0.12.0 h1:R7Q7L9r6Q7L9r6Q7L9r6Q7L9r6Q7L9r6Q7L9r6
github.com/libp2p/go-libp2p v0.12.0/go.mod h1:R7Q7L9r6Q7L9r6Q7L9r6Q7L9r6Q7L9r6Q7L9r6
github.com/libp2p/go-libp2p-core v0.8.0 h1:R7Q7L9r6Q7L9r6Q7L9r6Q7L9r6Q7L9r6Q7L9r6
github.com/libp2p/go-libp2p-core v0.8.0/go.mod h1:R7Q7L9r6Q7L9r6Q7L9r6Q7L9r6Q7L9r6Q7L9r6
github.com/libp2p/go-libp2p-peer v0.2.0 h1:R7Q7L9r6Q7L9r6Q7L9r6Q7L9r6Q7L9r6Q7L9r6
github.com/libp2p/go-libp2p-peer v0.2.0/go.mod h1:R7Q7L9r6Q7L9r6Q7L9r6Q7L9r6Q7L9r6Q7L9r6
github.com/libp2p/go-libp2p-transport v0.4.0 h1:R7Q7L9r6Q7L9r6Q7L9r6Q7L9r6Q7L9r6Q7L9r6
github.com/libp2p/go-libp2p-transport v0.4.0/go.mod h1:R7Q7L9r6Q7L9r6Q7L9r6Q7L9r6Q7L9r6Q7L9r6
github.com/multiformats/go-multibase v0.0.3 h1:ijwVmAgZX6xGXQrMWat4+OEwhH8TjmwVyZH4WO3Gyk0=
github.com/multiformats/go-multibase v0.0.3/go.mod h1:ijwVmAgZX6xGXQrMWat4+OEwhH8TjmwVyZH4WO3Gyk0=
github.com/multiformats/go-multicodec v0.2.0 h1:ijwVmAgZX6xGXQrMWat4+OEwhH8TjmwVyZH4WO3Gyk0=
github.com/multiformats/go-multicodec v0.2.0/go.mod h1:ijwVmAgZX6xGXQrMWat4+OEwhH8TjmwVyZH4WO3Gyk0=
github.com/multiformats/go-multihash v0.0.3 h1:ijwVmAgZX6xGXQrMWat4+OEwhH8TjmwVyZH4WO3Gyk0=
github.com/multiformats/go-multihash v0.0.3/go.mod h1:ijwVmAgZX6xGXQrMWat4+OEwhH8TjmwVyZH4WO3Gyk0=
github.com/prometheus/client_golang v1.11.0 h1:NVomZDIBRiTn7Ik91CG1XVH+XOXuoRr6z7rjbjv2+c=
github.com/prometheus/client_golang v1.11.0/go.mod h1:7SWBe2y4D6OKWSNQJUaRYUArKR7Yzof8dGdQdvwjIc=
github.com/stretchr/testify v1.7.0 h1:nOGnQDK7VLGRPANWp04unokTQxCxrzFypK/sxrs3S=
github.com/stretchr/testify v1.7.0/go.mod h1:6Fq8jRvJzXNB7PAqxumZ5nrRCLFdDFRorSJGy65Jl2=
